
Microsoft Visual Studio Solution File, Format Version 12.00
# Visual Studio 15
VisualStudioVersion = 15.0.27703.2047
MinimumVisualStudioVersion = 10.0.40219.1
Project("{FAE04EC0-301F-11D3-BF4B-00C04F79EFBC}") = "SampleSingupModule", "SampleSingupModule\SampleSingupModule.csproj", "{5D392FC1-7BA6-4C72-8A07-53A088D9500A}"
EndProject
Global
	GlobalSection(SolutionConfigurationPlatforms) = preSolution
		Debug|Any CPU = Debug|Any CPU
		Release|Any CPU = Release|Any CPU
	EndGlobalSection
	GlobalSection(ProjectConfigurationPlatforms) = postSolution
		{5D392FC1-7BA6-4C72-8A07-53A088D9500A}.Debug|Any CPU.ActiveCfg = Debug|Any CPU
		{5D392FC1-7BA6-4C72-8A07-53A088D9500A}.Debug|Any CPU.Build.0 = Debug|Any CPU
		{5D392FC1-7BA6-4C72-8A07-53A088D9500A}.Release|Any CPU.ActiveCfg = Release|Any CPU
		{5D392FC1-7BA6-4C72-8A07-53A088D9500A}.Release|Any CPU.Build.0 = Release|Any CPU
	EndGlobalSection
	GlobalSection(SolutionProperties) = preSolution
		HideSolutionNode = FALSE
	EndGlobalSection
	GlobalSection(ExtensibilityGlobals) = postSolution
		SolutionGuid = {D5CE7885-4FE3-4F2D-9D48-DC1536BD1F99}
	EndGlobalSection
EndGlobal
